// !$*UTF8*$!
{
	archiveVersion = 1;
	classes = {
	};
	objectVersion = 56;
	objects = {

/* Begin PBXBuildFile section */
		96369F9B2994D4F8006B2C3F /* MainViewController.swift in Sources */ = {isa = PBXBuildFile; fileRef = 96369F992994D4F8006B2C3F /* MainViewController.swift */; };
		96369F9C2994D4F8006B2C3F /* MainViewController.xib in Resources */ = {isa = PBXBuildFile; fileRef = 96369F9A2994D4F8006B2C3F /* MainViewController.xib */; };
		96369F9F2994D76C006B2C3F /* MainCollectionViewCell.swift in Sources */ = {isa = PBXBuildFile; fileRef = 96369F9D2994D76C006B2C3F /* MainCollectionViewCell.swift */; };
		96369FA02994D76C006B2C3F /* MainCollectionViewCell.xib in Resources */ = {isa = PBXBuildFile; fileRef = 96369F9E2994D76C006B2C3F /* MainCollectionViewCell.xib */; };
		96369FA32994EB3F006B2C3F /* DetailViewController.swift in Sources */ = {isa = PBXBuildFile; fileRef = 96369FA12994EB3F006B2C3F /* DetailViewController.swift */; };
		96369FA42994EB3F006B2C3F /* DetailViewController.xib in Resources */ = {isa = PBXBuildFile; fileRef = 96369FA22994EB3F006B2C3F /* DetailViewController.xib */; };
		96369FA92994F515006B2C3F /* ServiceManager.swift in Sources */ = {isa = PBXBuildFile; fileRef = 96369FA82994F515006B2C3F /* ServiceManager.swift */; };
		96369FAB2994F520006B2C3F /* Service.swift in Sources */ = {isa = PBXBuildFile; fileRef = 96369FAA2994F520006B2C3F /* Service.swift */; };
		96369FAE2994F52E006B2C3F /* Alamofire in Frameworks */ = {isa = PBXBuildFile; productRef = 96369FAD2994F52E006B2C3F /* Alamofire */; };
		96369FB12994FEE9006B2C3F /* SearchApi.swift in Sources */ = {isa = PBXBuildFile; fileRef = 96369FB02994FEE9006B2C3F /* SearchApi.swift */; };
		9648C4082994CF1800AB0EBA /* AppDelegate.swift in Sources */ = {isa = PBXBuildFile; fileRef = 9648C4072994CF1800AB0EBA /* AppDelegate.swift */; };
		9648C40A2994CF1800AB0EBA /* SceneDelegate.swift in Sources */ = {isa = PBXBuildFile; fileRef = 9648C4092994CF1800AB0EBA /* SceneDelegate.swift */; };
		9648C4112994CF1900AB0EBA /* Assets.xcassets in Resources */ = {isa = PBXBuildFile; fileRef = 9648C4102994CF1900AB0EBA /* Assets.xcassets */; };
		9648C4142994CF1900AB0EBA /* LaunchScreen.storyboard in Resources */ = {isa = PBXBuildFile; fileRef = 9648C4122994CF1900AB0EBA /* LaunchScreen.storyboard */; };
		967CDF0D299A2D8D0088E293 /* Data+Extension.swift in Sources */ = {isa = PBXBuildFile; fileRef = 967CDF0C299A2D8D0088E293 /* Data+Extension.swift */; };
		967CDF10299A30750088E293 /* ViewModel.swift in Sources */ = {isa = PBXBuildFile; fileRef = 967CDF0F299A30750088E293 /* ViewModel.swift */; };
		96B0C699299AEA6B0066DA5A /* String+Extension.swift in Sources */ = {isa = PBXBuildFile; fileRef = 96B0C698299AEA6B0066DA5A /* String+Extension.swift */; };
		96EA1F122995348100B40FAB /* SDWebImage in Frameworks */ = {isa = PBXBuildFile; productRef = 96EA1F112995348100B40FAB /* SDWebImage */; };
		96EA1F152995348D00B40FAB /* SDWebImageSVGCoder in Frameworks */ = {isa = PBXBuildFile; productRef = 96EA1F142995348D00B40FAB /* SDWebImageSVGCoder */; };
/* End PBXBuildFile section */

/* Begin PBXFileReference section */
		96369F992994D4F8006B2C3F /* MainViewController.swift */ = {isa = PBXFileReference; lastKnownFileType = sourcecode.swift; path = MainViewController.swift; sourceTree = "<group>"; };
		96369F9A2994D4F8006B2C3F /* MainViewController.xib */ = {isa = PBXFileReference; lastKnownFileType = file.xib; path = MainViewController.xib; sourceTree = "<group>"; };
		96369F9D2994D76C006B2C3F /* MainCollectionViewCell.swift */ = {isa = PBXFileReference; lastKnownFileType = sourcecode.swift; path = MainCollectionViewCell.swift; sourceTree = "<group>"; };
		96369F9E2994D76C006B2C3F /* MainCollectionViewCell.xib */ = {isa = PBXFileReference; lastKnownFileType = file.xib; path = MainCollectionViewCell.xib; sourceTree = "<group>"; };
		96369FA12994EB3F006B2C3F /* DetailViewController.swift */ = {isa = PBXFileReference; lastKnownFileType = sourcecode.swift; path = DetailViewController.swift; sourceTree = "<group>"; };
		96369FA22994EB3F006B2C3F /* DetailViewController.xib */ = {isa = PBXFileReference; lastKnownFileType = file.xib; path = DetailViewController.xib; sourceTree = "<group>"; };
		96369FA82994F515006B2C3F /* ServiceManager.swift */ = {isa = PBXFileReference; lastKnownFileType = sourcecode.swift; path = ServiceManager.swift; sourceTree = "<group>"; };
		96369FAA2994F520006B2C3F /* Service.swift */ = {isa = PBXFileReference; lastKnownFileType = sourcecode.swift; path = Service.swift; sourceTree = "<group>"; };
		96369FB02994FEE9006B2C3F /* SearchApi.swift */ = {isa = PBXFileReference; lastKnownFileType = sourcecode.swift; path = SearchApi.swift; sourceTree = "<group>"; };
		9648C4042994CF1800AB0EBA /* iTunesSearch.app */ = {isa = PBXFileReference; explicitFileType = wrapper.application; includeInIndex = 0; path = iTunesSearch.app; sourceTree = BUILT_PRODUCTS_DIR; };
		9648C4072994CF1800AB0EBA /* AppDelegate.swift */ = {isa = PBXFileReference; lastKnownFileType = sourcecode.swift; path = AppDelegate.swift; sourceTree = "<group>"; };
		9648C4092994CF1800AB0EBA /* SceneDelegate.swift */ = {isa = PBXFileReference; lastKnownFileType = sourcecode.swift; path = SceneDelegate.swift; sourceTree = "<group>"; };
		9648C4102994CF1900AB0EBA /* Assets.xcassets */ = {isa = PBXFileReference; lastKnownFileType = folder.assetcatalog; path = Assets.xcassets; sourceTree = "<group>"; };
		9648C4132994CF1900AB0EBA /* Base */ = {isa = PBXFileReference; lastKnownFileType = file.storyboard; name = Base; path = Base.lproj/LaunchScreen.storyboard; sourceTree = "<group>"; };
		9648C4152994CF1900AB0EBA /* Info.plist */ = {isa = PBXFileReference; lastKnownFileType = text.plist.xml; path = Info.plist; sourceTree = "<group>"; };
		967CDF0C299A2D8D0088E293 /* Data+Extension.swift */ = {isa = PBXFileReference; lastKnownFileType = sourcecode.swift; path = "Data+Extension.swift"; sourceTree = "<group>"; };
		967CDF0F299A30750088E293 /* ViewModel.swift */ = {isa = PBXFileReference; lastKnownFileType = sourcecode.swift; path = ViewModel.swift; sourceTree = "<group>"; };
		96B0C698299AEA6B0066DA5A /* String+Extension.swift */ = {isa = PBXFileReference; lastKnownFileType = sourcecode.swift; path = "String+Extension.swift"; sourceTree = "<group>"; };
/* End PBXFileReference section */

/* Begin PBXFrameworksBuildPhase section */
		9648C4012994CF1800AB0EBA /* Frameworks */ = {
			isa = PBXFrameworksBuildPhase;
			buildActionMask = 2147483647;
			files = (
				96EA1F152995348D00B40FAB /* SDWebImageSVGCoder in Frameworks */,
				96EA1F122995348100B40FAB /* SDWebImage in Frameworks */,
				96369FAE2994F52E006B2C3F /* Alamofire in Frameworks */,
			);
			runOnlyForDeploymentPostprocessing = 0;
		};
/* End PBXFrameworksBuildPhase section */

/* Begin PBXGroup section */
		96369FA52994F4F0006B2C3F /* Network */ = {
			isa = PBXGroup;
			children = (
				96369FA62994F4F7006B2C3F /* Manager */,
				96369FA72994F4FB006B2C3F /* Service */,
			);
			path = Network;
			sourceTree = "<group>";
		};
		96369FA62994F4F7006B2C3F /* Manager */ = {
			isa = PBXGroup;
			children = (
				96369FA82994F515006B2C3F /* ServiceManager.swift */,
			);
			path = Manager;
			sourceTree = "<group>";
		};
		96369FA72994F4FB006B2C3F /* Service */ = {
			isa = PBXGroup;
			children = (
				96369FAA2994F520006B2C3F /* Service.swift */,
			);
			path = Service;
			sourceTree = "<group>";
		};
		96369FAF2994F594006B2C3F /* Model */ = {
			isa = PBXGroup;
			children = (
				96369FB02994FEE9006B2C3F /* SearchApi.swift */,
			);
			path = Model;
			sourceTree = "<group>";
		};
		9648C3FB2994CF1800AB0EBA = {
			isa = PBXGroup;
			children = (
				9648C4062994CF1800AB0EBA /* iTunesSearch */,
				9648C4052994CF1800AB0EBA /* Products */,
			);
			sourceTree = "<group>";
		};
		9648C4052994CF1800AB0EBA /* Products */ = {
			isa = PBXGroup;
			children = (
				9648C4042994CF1800AB0EBA /* iTunesSearch.app */,
			);
			name = Products;
			sourceTree = "<group>";
		};
		9648C4062994CF1800AB0EBA /* iTunesSearch */ = {
			isa = PBXGroup;
			children = (
				96B0C697299AEA240066DA5A /* Helpers */,
				96FAD9C52994CFD50091D6BB /* SupportingFiles */,
				96369FAF2994F594006B2C3F /* Model */,
				96369FA52994F4F0006B2C3F /* Network */,
				96CAD2072994D458000E6C49 /* Views */,
			);
			path = iTunesSearch;
			sourceTree = "<group>";
		};
		967CDF0B299A2D790088E293 /* Extensions */ = {
			isa = PBXGroup;
			children = (
				967CDF0C299A2D8D0088E293 /* Data+Extension.swift */,
				96B0C698299AEA6B0066DA5A /* String+Extension.swift */,
			);
			path = Extensions;
			sourceTree = "<group>";
		};
		967CDF0E299A30400088E293 /* MainViewModel */ = {
			isa = PBXGroup;
			children = (
				967CDF0F299A30750088E293 /* ViewModel.swift */,
			);
			path = MainViewModel;
			sourceTree = "<group>";
		};
		96B0C694299AE9370066DA5A /* MainView */ = {
			isa = PBXGroup;
			children = (
				96369F992994D4F8006B2C3F /* MainViewController.swift */,
				96369F9A2994D4F8006B2C3F /* MainViewController.xib */,
				96B0C696299AE9510066DA5A /* CollectionViewCell */,
				967CDF0E299A30400088E293 /* MainViewModel */,
			);
			path = MainView;
			sourceTree = "<group>";
		};
		96B0C695299AE93F0066DA5A /* DetailView */ = {
			isa = PBXGroup;
			children = (
				96369FA12994EB3F006B2C3F /* DetailViewController.swift */,
				96369FA22994EB3F006B2C3F /* DetailViewController.xib */,
			);
			path = DetailView;
			sourceTree = "<group>";
		};
		96B0C696299AE9510066DA5A /* CollectionViewCell */ = {
			isa = PBXGroup;
			children = (
				96369F9D2994D76C006B2C3F /* MainCollectionViewCell.swift */,
				96369F9E2994D76C006B2C3F /* MainCollectionViewCell.xib */,
			);
			path = CollectionViewCell;
			sourceTree = "<group>";
		};
		96B0C697299AEA240066DA5A /* Helpers */ = {
			isa = PBXGroup;
			children = (
				967CDF0B299A2D790088E293 /* Extensions */,
			);
			path = Helpers;
			sourceTree = "<group>";
		};
		96CAD2072994D458000E6C49 /* Views */ = {
			isa = PBXGroup;
			children = (
				96B0C694299AE9370066DA5A /* MainView */,
				96B0C695299AE93F0066DA5A /* DetailView */,
			);
			path = Views;
			sourceTree = "<group>";
		};
		96FAD9C52994CFD50091D6BB /* SupportingFiles */ = {
			isa = PBXGroup;
			children = (
				9648C4072994CF1800AB0EBA /* AppDelegate.swift */,
				9648C4092994CF1800AB0EBA /* SceneDelegate.swift */,
				9648C4102994CF1900AB0EBA /* Assets.xcassets */,
				9648C4122994CF1900AB0EBA /* LaunchScreen.storyboard */,
				9648C4152994CF1900AB0EBA /* Info.plist */,
			);
			path = SupportingFiles;
			sourceTree = "<group>";
		};
/* End PBXGroup section */

/* Begin PBXNativeTarget section */
		9648C4032994CF1800AB0EBA /* iTunesSearch */ = {
			isa = PBXNativeTarget;
			buildConfigurationList = 9648C4182994CF1900AB0EBA /* Build configuration list for PBXNativeTarget "iTunesSearch" */;
			buildPhases = (
				9648C4002994CF1800AB0EBA /* Sources */,
				9648C4012994CF1800AB0EBA /* Frameworks */,
				9648C4022994CF1800AB0EBA /* Resources */,
			);
			buildRules = (
			);
			dependencies = (
			);
			name = iTunesSearch;
			packageProductDependencies = (
				96369FAD2994F52E006B2C3F /* Alamofire */,
				96EA1F112995348100B40FAB /* SDWebImage */,
				96EA1F142995348D00B40FAB /* SDWebImageSVGCoder */,
			);
			productName = iTunesSearch;
			productReference = 9648C4042994CF1800AB0EBA /* iTunesSearch.app */;
			productType = "com.apple.product-type.application";
		};
/* End PBXNativeTarget section */

/* Begin PBXProject section */
		9648C3FC2994CF1800AB0EBA /* Project object */ = {
			isa = PBXProject;
			attributes = {
				BuildIndependentTargetsInParallel = 1;
				LastSwiftUpdateCheck = 1420;
				LastUpgradeCheck = 1420;
				TargetAttributes = {
					9648C4032994CF1800AB0EBA = {
						CreatedOnToolsVersion = 14.2;
					};
				};
			};
			buildConfigurationList = 9648C3FF2994CF1800AB0EBA /* Build configuration list for PBXProject "iTunesSearch" */;
			compatibilityVersion = "Xcode 14.0";
			developmentRegion = en;
			hasScannedForEncodings = 0;
			knownRegions = (
				en,
				Base,
			);
			mainGroup = 9648C3FB2994CF1800AB0EBA;
			packageReferences = (
				96369FAC2994F52E006B2C3F /* XCRemoteSwiftPackageReference "Alamofire" */,
				96EA1F102995348100B40FAB /* XCRemoteSwiftPackageReference "SDWebImage" */,
				96EA1F132995348D00B40FAB /* XCRemoteSwiftPackageReference "SDWebImageSVGCoder" */,
			);
			productRefGroup = 9648C4052994CF1800AB0EBA /* Products */;
			projectDirPath = "";
			projectRoot = "";
			targets = (
				9648C4032994CF1800AB0EBA /* iTunesSearch */,
			);
		};
/* End PBXProject section */

/* Begin PBXResourcesBuildPhase section */
		9648C4022994CF1800AB0EBA /* Resources */ = {
			isa = PBXResourcesBuildPhase;
			buildActionMask = 2147483647;
			files = (
				9648C4142994CF1900AB0EBA /* LaunchScreen.storyboard in Resources */,
				96369F9C2994D4F8006B2C3F /* MainViewController.xib in Resources */,
				96369FA42994EB3F006B2C3F /* DetailViewController.xib in Resources */,
				9648C4112994CF1900AB0EBA /* Assets.xcassets in Resources */,
				96369FA02994D76C006B2C3F /* MainCollectionViewCell.xib in Resources */,
			);
			runOnlyForDeploymentPostprocessing = 0;
		};
/* End PBXResourcesBuildPhase section */

/* Begin PBXSourcesBuildPhase section */
		9648C4002994CF1800AB0EBA /* Sources */ = {
			isa = PBXSourcesBuildPhase;
			buildActionMask = 2147483647;
			files = (
				96369F9B2994D4F8006B2C3F /* MainViewController.swift in Sources */,
				96B0C699299AEA6B0066DA5A /* String+Extension.swift in Sources */,
				967CDF0D299A2D8D0088E293 /* Data+Extension.swift in Sources */,
				96369FAB2994F520006B2C3F /* Service.swift in Sources */,
				96369FB12994FEE9006B2C3F /* SearchApi.swift in Sources */,
				9648C4082994CF1800AB0EBA /* AppDelegate.swift in Sources */,
				967CDF10299A30750088E293 /* ViewModel.swift in Sources */,
				96369FA32994EB3F006B2C3F /* DetailViewController.swift in Sources */,
				9648C40A2994CF1800AB0EBA /* SceneDelegate.swift in Sources */,
				96369F9F2994D76C006B2C3F /* MainCollectionViewCell.swift in Sources */,
				96369FA92994F515006B2C3F /* ServiceManager.swift in Sources */,
			);
			runOnlyForDeploymentPostprocessing = 0;
		};
/* End PBXSourcesBuildPhase section */

/* Begin PBXVariantGroup section */
		9648C4122994CF1900AB0EBA /* LaunchScreen.storyboard */ = {
			isa = PBXVariantGroup;
			children = (
				9648C4132994CF1900AB0EBA /* Base */,
			);
			name = LaunchScreen.storyboard;
			sourceTree = "<group>";
		};
/* End PBXVariantGroup section */

/* Begin XCBuildConfiguration section */
		9648C4162994CF1900AB0EBA /* Debug */ = {
			isa = XCBuildConfiguration;
			buildSettings = {
				ALWAYS_SEARCH_USER_PATHS = NO;
				CLANG_ANALYZER_NONNULL = YES;
				CLANG_ANALYZER_NUMBER_OBJECT_CONVERSION = YES_AGGRESSIVE;
				CLANG_CXX_LANGUAGE_STANDARD = "gnu++20";
				CLANG_ENABLE_MODULES = YES;
				CLANG_ENABLE_OBJC_ARC = YES;
				CLANG_ENABLE_OBJC_WEAK = YES;
				CLANG_WARN_BLOCK_CAPTURE_AUTORELEASING = YES;
				CLANG_WARN_BOOL_CONVERSION = YES;
				CLANG_WARN_COMMA = YES;
				CLANG_WARN_CONSTANT_CONVERSION = YES;
				CLANG_WARN_DEPRECATED_OBJC_IMPLEMENTATIONS = YES;
				CLANG_WARN_DIRECT_OBJC_ISA_USAGE = YES_ERROR;
				CLANG_WARN_DOCUMENTATION_COMMENTS = YES;
				CLANG_WARN_EMPTY_BODY = YES;
				CLANG_WARN_ENUM_CONVERSION = YES;
				CLANG_WARN_INFINITE_RECURSION = YES;
				CLANG_WARN_INT_CONVERSION = YES;
				CLANG_WARN_NON_LITERAL_NULL_CONVERSION = YES;
				CLANG_WARN_OBJC_IMPLICIT_RETAIN_SELF = YES;
				CLANG_WARN_OBJC_LITERAL_CONVERSION = YES;
				CLANG_WARN_OBJC_ROOT_CLASS = YES_ERROR;
				CLANG_WARN_QUOTED_INCLUDE_IN_FRAMEWORK_HEADER = YES;
				CLANG_WARN_RANGE_LOOP_ANALYSIS = YES;
				CLANG_WARN_STRICT_PROTOTYPES = YES;
				CLANG_WARN_SUSPICIOUS_MOVE = YES;
				CLANG_WARN_UNGUARDED_AVAILABILITY = YES_AGGRESSIVE;
				CLANG_WARN_UNREACHABLE_CODE = YES;
				CLANG_WARN__DUPLICATE_METHOD_MATCH = YES;
				COPY_PHASE_STRIP = NO;
				DEBUG_INFORMATION_FORMAT = dwarf;
				ENABLE_STRICT_OBJC_MSGSEND = YES;
				ENABLE_TESTABILITY = YES;
				GCC_C_LANGUAGE_STANDARD = gnu11;
				GCC_DYNAMIC_NO_PIC = NO;
				GCC_NO_COMMON_BLOCKS = YES;
				GCC_OPTIMIZATION_LEVEL = 0;
				GCC_PREPROCESSOR_DEFINITIONS = (
					"DEBUG=1",
					"$(inherited)",
				);
				GCC_WARN_64_TO_32_BIT_CONVERSION = YES;
				GCC_WARN_ABOUT_RETURN_TYPE = YES_ERROR;
				GCC_WARN_UNDECLARED_SELECTOR = YES;
				GCC_WARN_UNINITIALIZED_AUTOS = YES_AGGRESSIVE;
				GCC_WARN_UNUSED_FUNCTION = YES;
				GCC_WARN_UNUSED_VARIABLE = YES;
				IPHONEOS_DEPLOYMENT_TARGET = 16.2;
				MTL_ENABLE_DEBUG_INFO = INCLUDE_SOURCE;
				MTL_FAST_MATH = YES;
				ONLY_ACTIVE_ARCH = YES;
				SDKROOT = iphoneos;
				SWIFT_ACTIVE_COMPILATION_CONDITIONS = DEBUG;
				SWIFT_OPTIMIZATION_LEVEL = "-Onone";
			};
			name = Debug;
		};
		9648C4172994CF1900AB0EBA /* Release */ = {
			isa = XCBuildConfiguration;
			buildSettings = {
				ALWAYS_SEARCH_USER_PATHS = NO;
				CLANG_ANALYZER_NONNULL = YES;
				CLANG_ANALYZER_NUMBER_OBJECT_CONVERSION = YES_AGGRESSIVE;
				CLANG_CXX_LANGUAGE_STANDARD = "gnu++20";
				CLANG_ENABLE_MODULES = YES;
				CLANG_ENABLE_OBJC_ARC = YES;
				CLANG_ENABLE_OBJC_WEAK = YES;
				CLANG_WARN_BLOCK_CAPTURE_AUTORELEASING = YES;
				CLANG_WARN_BOOL_CONVERSION = YES;
				CLANG_WARN_COMMA = YES;
				CLANG_WARN_CONSTANT_CONVERSION = YES;
				CLANG_WARN_DEPRECATED_OBJC_IMPLEMENTATIONS = YES;
				CLANG_WARN_DIRECT_OBJC_ISA_USAGE = YES_ERROR;
				CLANG_WARN_DOCUMENTATION_COMMENTS = YES;
				CLANG_WARN_EMPTY_BODY = YES;
				CLANG_WARN_ENUM_CONVERSION = YES;
				CLANG_WARN_INFINITE_RECURSION = YES;
				CLANG_WARN_INT_CONVERSION = YES;
				CLANG_WARN_NON_LITERAL_NULL_CONVERSION = YES;
				CLANG_WARN_OBJC_IMPLICIT_RETAIN_SELF = YES;
				CLANG_WARN_OBJC_LITERAL_CONVERSION = YES;
				CLANG_WARN_OBJC_ROOT_CLASS = YES_ERROR;
				CLANG_WARN_QUOTED_INCLUDE_IN_FRAMEWORK_HEADER = YES;
				CLANG_WARN_RANGE_LOOP_ANALYSIS = YES;
				CLANG_WARN_STRICT_PROTOTYPES = YES;
				CLANG_WARN_SUSPICIOUS_MOVE = YES;
				CLANG_WARN_UNGUARDED_AVAILABILITY = YES_AGGRESSIVE;
				CLANG_WARN_UNREACHABLE_CODE = YES;
				CLANG_WARN__DUPLICATE_METHOD_MATCH = YES;
				COPY_PHASE_STRIP = NO;
				DEBUG_INFORMATION_FORMAT = "dwarf-with-dsym";
				ENABLE_NS_ASSERTIONS = NO;
				ENABLE_STRICT_OBJC_MSGSEND = YES;
				GCC_C_LANGUAGE_STANDARD = gnu11;
				GCC_NO_COMMON_BLOCKS = YES;
				GCC_WARN_64_TO_32_BIT_CONVERSION = YES;
				GCC_WARN_ABOUT_RETURN_TYPE = YES_ERROR;
				GCC_WARN_UNDECLARED_SELECTOR = YES;
				GCC_WARN_UNINITIALIZED_AUTOS = YES_AGGRESSIVE;
				GCC_WARN_UNUSED_FUNCTION = YES;
				GCC_WARN_UNUSED_VARIABLE = YES;
				IPHONEOS_DEPLOYMENT_TARGET = 16.2;
				MTL_ENABLE_DEBUG_INFO = NO;
				MTL_FAST_MATH = YES;
				SDKROOT = iphoneos;
				SWIFT_COMPILATION_MODE = wholemodule;
				SWIFT_OPTIMIZATION_LEVEL = "-O";
				VALIDATE_PRODUCT = YES;
			};
			name = Release;
		};
		9648C4192994CF1900AB0EBA /* Debug */ = {
			isa = XCBuildConfiguration;
			buildSettings = {
				ASSETCATALOG_COMPILER_APPICON_NAME = AppIcon;
				ASSETCATALOG_COMPILER_GLOBAL_ACCENT_COLOR_NAME = AccentColor;
				CODE_SIGN_STYLE = Automatic;
				CURRENT_PROJECT_VERSION = 1;
				DEVELOPMENT_TEAM = F9V6WPSDK2;
				GENERATE_INFOPLIST_FILE = YES;
				INFOPLIST_FILE = iTunesSearch/SupportingFiles/Info.plist;
				INFOPLIST_KEY_UIApplicationSupportsIndirectInputEvents = YES;
				INFOPLIST_KEY_UILaunchStoryboardName = LaunchScreen;
				INFOPLIST_KEY_UISupportedInterfaceOrientations_iPad = "UIInterfaceOrientationPortrait UIInterfaceOrientationPortraitUpsideDown UIInterfaceOrientationLandscapeLeft UIInterfaceOrientationLandscapeRight";
				INFOPLIST_KEY_UISupportedInterfaceOrientations_iPhone = "UIInterfaceOrientationPortrait UIInterfaceOrientationLandscapeLeft UIInterfaceOrientationLandscapeRight";
				LD_RUNPATH_SEARCH_PATHS = (
					"$(inherited)",
					"@executable_path/Frameworks",
				);
				MARKETING_VERSION = 1.0;
				PRODUCT_BUNDLE_IDENTIFIER = burrakerden.iTunesSearch;
				PRODUCT_NAME = "$(TARGET_NAME)";
				SUPPORTED_PLATFORMS = "iphoneos iphonesimulator";
				SUPPORTS_MACCATALYST = NO;
				SUPPORTS_MAC_DESIGNED_FOR_IPHONE_IPAD = NO;
				SWIFT_EMIT_LOC_STRINGS = YES;
				SWIFT_VERSION = 5.0;
				TARGETED_DEVICE_FAMILY = 1;
			};
			name = Debug;
		};
		9648C41A2994CF1900AB0EBA /* Release */ = {
			isa = XCBuildConfiguration;
			buildSettings = {
				ASSETCATALOG_COMPILER_APPICON_NAME = AppIcon;
				ASSETCATALOG_COMPILER_GLOBAL_ACCENT_COLOR_NAME = AccentColor;
				CODE_SIGN_STYLE = Automatic;
				CURRENT_PROJECT_VERSION = 1;
				DEVELOPMENT_TEAM = F9V6WPSDK2;
				GENERATE_INFOPLIST_FILE = YES;
				INFOPLIST_FILE = iTunesSearch/SupportingFiles/Info.plist;
				INFOPLIST_KEY_UIApplicationSupportsIndirectInputEvents = YES;
				INFOPLIST_KEY_UILaunchStoryboardName = LaunchScreen;
				INFOPLIST_KEY_UISupportedInterfaceOrientations_iPad = "UIInterfaceOrientationPortrait UIInterfaceOrientationPortraitUpsideDown UIInterfaceOrientationLandscapeLeft UIInterfaceOrientationLandscapeRight";
				INFOPLIST_KEY_UISupportedInterfaceOrientations_iPhone = "UIInterfaceOrientationPortrait UIInterfaceOrientationLandscapeLeft UIInterfaceOrientationLandscapeRight";
				LD_RUNPATH_SEARCH_PATHS = (
					"$(inherited)",
					"@executable_path/Frameworks",
				);
				MARKETING_VERSION = 1.0;
				PRODUCT_BUNDLE_IDENTIFIER = burrakerden.iTunesSearch;
				PRODUCT_NAME = "$(TARGET_NAME)";
				SUPPORTED_PLATFORMS = "iphoneos iphonesimulator";
				SUPPORTS_MACCATALYST = NO;
				SUPPORTS_MAC_DESIGNED_FOR_IPHONE_IPAD = NO;
				SWIFT_EMIT_LOC_STRINGS = YES;
				SWIFT_VERSION = 5.0;
				TARGETED_DEVICE_FAMILY = 1;
			};
			name = Release;
		};
/* End XCBuildConfiguration section */

/* Begin XCConfigurationList section */
		9648C3FF2994CF1800AB0EBA /* Build configuration list for PBXProject "iTunesSearch" */ = {
			isa = XCConfigurationList;
			buildConfigurations = (
				9648C4162994CF1900AB0EBA /* Debug */,
				9648C4172994CF1900AB0EBA /* Release */,
			);
			defaultConfigurationIsVisible = 0;
			defaultConfigurationName = Release;
		};
		9648C4182994CF1900AB0EBA /* Build configuration list for PBXNativeTarget "iTunesSearch" */ = {
			isa = XCConfigurationList;
			buildConfigurations = (
				9648C4192994CF1900AB0EBA /* Debug */,
				9648C41A2994CF1900AB0EBA /* Release */,
			);
			defaultConfigurationIsVisible = 0;
			defaultConfigurationName = Release;
		};
/* End XCConfigurationList section */

/* Begin XCRemoteSwiftPackageReference section */
		96369FAC2994F52E006B2C3F /* XCRemoteSwiftPackageReference "Alamofire" */ = {
			isa = XCRemoteSwiftPackageReference;
			repositoryURL = "https://github.com/Alamofire/Alamofire.git";
			requirement = {
				kind = upToNextMajorVersion;
				minimumVersion = 5.0.0;
			};
		};
		96EA1F102995348100B40FAB /* XCRemoteSwiftPackageReference "SDWebImage" */ = {
			isa = XCRemoteSwiftPackageReference;
			repositoryURL = "https://github.com/SDWebImage/SDWebImage";
			requirement = {
				branch = master;
				kind = branch;
			};
		};
		96EA1F132995348D00B40FAB /* XCRemoteSwiftPackageReference "SDWebImageSVGCoder" */ = {
			isa = XCRemoteSwiftPackageReference;
			repositoryURL = "https://github.com/SDWebImage/SDWebImageSVGCoder.git";
			requirement = {
				branch = master;
				kind = branch;
			};
		};
/* End XCRemoteSwiftPackageReference section */

/* Begin XCSwiftPackageProductDependency section */
		96369FAD2994F52E006B2C3F /* Alamofire */ = {
			isa = XCSwiftPackageProductDependency;
			package = 96369FAC2994F52E006B2C3F /* XCRemoteSwiftPackageReference "Alamofire" */;
			productName = Alamofire;
		};
		96EA1F112995348100B40FAB /* SDWebImage */ = {
			isa = XCSwiftPackageProductDependency;
			package = 96EA1F102995348100B40FAB /* XCRemoteSwiftPackageReference "SDWebImage" */;
			productName = SDWebImage;
		};
		96EA1F142995348D00B40FAB /* SDWebImageSVGCoder */ = {
			isa = XCSwiftPackageProductDependency;
			package = 96EA1F132995348D00B40FAB /* XCRemoteSwiftPackageReference "SDWebImageSVGCoder" */;
			productName = SDWebImageSVGCoder;
		};
/* End XCSwiftPackageProductDependency section */
	};
	rootObject = 9648C3FC2994CF1800AB0EBA /* Project object */;
}
